
Microsoft Visual Studio Solution File, Format Version 12.00
# Visual Studio Version 17
VisualStudioVersion = 17.11.35327.3
MinimumVisualStudioVersion = 10.0.40219.1
Project("{FAE04EC0-301F-11D3-BF4B-00C04F79EFBC}") = "gruppuppgiften v41", "gruppuppgiften v41.csproj", "{EC8E928F-9D52-452C-9628-1969C454D5BD}"
EndProject
Global
	GlobalSection(SolutionConfigurationPlatforms) = preSolution
		Debug|Any CPU = Debug|Any CPU
		Release|Any CPU = Release|Any CPU
	EndGlobalSection
	GlobalSection(ProjectConfigurationPlatforms) = postSolution
		{EC8E928F-9D52-452C-9628-1969C454D5BD}.Debug|Any CPU.ActiveCfg = Debug|Any CPU
		{EC8E928F-9D52-452C-9628-1969C454D5BD}.Debug|Any CPU.Build.0 = Debug|Any CPU
		{EC8E928F-9D52-452C-9628-1969C454D5BD}.Release|Any CPU.ActiveCfg = Release|Any CPU
		{EC8E928F-9D52-452C-9628-1969C454D5BD}.Release|Any CPU.Build.0 = Release|Any CPU
	EndGlobalSection
	GlobalSection(SolutionProperties) = preSolution
		HideSolutionNode = FALSE
	EndGlobalSection
	GlobalSection(ExtensibilityGlobals) = postSolution
		SolutionGuid = {56608800-09B3-4E7E-891D-F1F72A0313F4}
	EndGlobalSection
EndGlobal
